
Microsoft Visual Studio Solution File, Format Version 12.00
# Visual Studio Version 16
VisualStudioVersion = 16.0.32126.315
MinimumVisualStudioVersion = 10.0.40219.1
Project("{FAE04EC0-301F-11D3-BF4B-00C04F79EFBC}") = "GridChallenge", "GridChallenge.csproj", "{BC1A99CF-6E37-4DEE-8A2C-EE1BF235191A}"
EndProject
Global
	GlobalSection(SolutionConfigurationPlatforms) = preSolution
		Debug|Any CPU = Debug|Any CPU
		Release|Any CPU = Release|Any CPU
	EndGlobalSection
	GlobalSection(ProjectConfigurationPlatforms) = postSolution
		{BC1A99CF-6E37-4DEE-8A2C-EE1BF235191A}.Debug|Any CPU.ActiveCfg = Debug|Any CPU
		{BC1A99CF-6E37-4DEE-8A2C-EE1BF235191A}.Debug|Any CPU.Build.0 = Debug|Any CPU
		{BC1A99CF-6E37-4DEE-8A2C-EE1BF235191A}.Release|Any CPU.ActiveCfg = Release|Any CPU
		{BC1A99CF-6E37-4DEE-8A2C-EE1BF235191A}.Release|Any CPU.Build.0 = Release|Any CPU
	EndGlobalSection
	GlobalSection(SolutionProperties) = preSolution
		HideSolutionNode = FALSE
	EndGlobalSection
	GlobalSection(ExtensibilityGlobals) = postSolution
		SolutionGuid = {1F35CF55-2FEF-49C2-BB89-D7E873414A8E}
	EndGlobalSection
EndGlobal
